
Microsoft Visual Studio Solution File, Format Version 12.00
# Visual Studio 15
VisualStudioVersion = 15.0.27004.2006
MinimumVisualStudioVersion = 10.0.40219.1
Project("{FAE04EC0-301F-11D3-BF4B-00C04F79EFBC}") = "SCAdmin", "SCAdmin\SCAdmin.csproj", "{9C7D760F-5A60-4020-ADF0-E5883CC95DF7}"
EndProject
Global
	GlobalSection(SolutionConfigurationPlatforms) = preSolution
		Debug|Any CPU = Debug|Any CPU
		Release|Any CPU = Release|Any CPU
	EndGlobalSection
	GlobalSection(ProjectConfigurationPlatforms) = postSolution
		{9C7D760F-5A60-4020-ADF0-E5883CC95DF7}.Debug|Any CPU.ActiveCfg = Debug|Any CPU
		{9C7D760F-5A60-4020-ADF0-E5883CC95DF7}.Debug|Any CPU.Build.0 = Debug|Any CPU
		{9C7D760F-5A60-4020-ADF0-E5883CC95DF7}.Release|Any CPU.ActiveCfg = Release|Any CPU
		{9C7D760F-5A60-4020-ADF0-E5883CC95DF7}.Release|Any CPU.Build.0 = Release|Any CPU
	EndGlobalSection
	GlobalSection(SolutionProperties) = preSolution
		HideSolutionNode = FALSE
	EndGlobalSection
	GlobalSection(ExtensibilityGlobals) = postSolution
		SolutionGuid = {DD242BB5-F19E-4044-8498-F63099A5F6BA}
	EndGlobalSection
EndGlobal
